
Microsoft Visual Studio Solution File, Format Version 12.00
# Visual Studio Version 16
VisualStudioVersion = 16.0.31129.286
MinimumVisualStudioVersion = 10.0.40219.1
Project("{9A19103F-16F7-4668-BE54-9A1E7A4F7556}") = "BlazorWebAssemblyNekoECommerce.Server", "Server\BlazorWebAssemblyNekoECommerce.Server.csproj", "{A04A2D65-BB5C-479C-AEFD-3B46B4876C55}"
EndProject
Project("{9A19103F-16F7-4668-BE54-9A1E7A4F7556}") = "BlazorWebAssemblyNekoECommerce.Client", "Client\BlazorWebAssemblyNekoECommerce.Client.csproj", "{7CB4EA36-77DD-46A6-87B3-6DB0D1B9531B}"
EndProject
Project("{9A19103F-16F7-4668-BE54-9A1E7A4F7556}") = "BlazorWebAssemblyNekoECommerce.Shared", "Shared\BlazorWebAssemblyNekoECommerce.Shared.csproj", "{6C2A6FA4-1CD7-4E9A-B6A0-4AA138C0480D}"
EndProject
Global
	GlobalSection(SolutionConfigurationPlatforms) = preSolution
		Debug|Any CPU = Debug|Any CPU
		Release|Any CPU = Release|Any CPU
	EndGlobalSection
	GlobalSection(ProjectConfigurationPlatforms) = postSolution
		{A04A2D65-BB5C-479C-AEFD-3B46B4876C55}.Debug|Any CPU.ActiveCfg = Debug|Any CPU
		{A04A2D65-BB5C-479C-AEFD-3B46B4876C55}.Debug|Any CPU.Build.0 = Debug|Any CPU
		{A04A2D65-BB5C-479C-AEFD-3B46B4876C55}.Release|Any CPU.ActiveCfg = Release|Any CPU
		{A04A2D65-BB5C-479C-AEFD-3B46B4876C55}.Release|Any CPU.Build.0 = Release|Any CPU
		{7CB4EA36-77DD-46A6-87B3-6DB0D1B9531B}.Debug|Any CPU.ActiveCfg = Debug|Any CPU
		{7CB4EA36-77DD-46A6-87B3-6DB0D1B9531B}.Debug|Any CPU.Build.0 = Debug|Any CPU
		{7CB4EA36-77DD-46A6-87B3-6DB0D1B9531B}.Release|Any CPU.ActiveCfg = Release|Any CPU
		{7CB4EA36-77DD-46A6-87B3-6DB0D1B9531B}.Release|Any CPU.Build.0 = Release|Any CPU
		{6C2A6FA4-1CD7-4E9A-B6A0-4AA138C0480D}.Debug|Any CPU.ActiveCfg = Debug|Any CPU
		{6C2A6FA4-1CD7-4E9A-B6A0-4AA138C0480D}.Debug|Any CPU.Build.0 = Debug|Any CPU
		{6C2A6FA4-1CD7-4E9A-B6A0-4AA138C0480D}.Release|Any CPU.ActiveCfg = Release|Any CPU
		{6C2A6FA4-1CD7-4E9A-B6A0-4AA138C0480D}.Release|Any CPU.Build.0 = Release|Any CPU
	EndGlobalSection
	GlobalSection(SolutionProperties) = preSolution
		HideSolutionNode = FALSE
	EndGlobalSection
	GlobalSection(ExtensibilityGlobals) = postSolution
		SolutionGuid = {8146D9FA-1FF6-49E6-8D28-ED3EC17219F0}
	EndGlobalSection
EndGlobal
